
Microsoft Visual Studio Solution File, Format Version 12.00
# Visual Studio 15
Project("{FAE04EC0-301F-11D3-BF4B-00C04F79EFBC}") = "Assembly-CSharp", "Assembly-CSharp.csproj", "{998B26E5-DF3D-C2D8-5905-B8EBC6EA5AA8}"
EndProject
Project("{FAE04EC0-301F-11D3-BF4B-00C04F79EFBC}") = "Assembly-CSharp-Editor", "Assembly-CSharp-Editor.csproj", "{7A4457A9-F343-0020-58A2-7BAF1B5EB3FB}"
EndProject
Global
	GlobalSection(SolutionConfigurationPlatforms) = preSolution
		Debug|Any CPU = Debug|Any CPU
		Release|Any CPU = Release|Any CPU
	EndGlobalSection
	GlobalSection(ProjectConfigurationPlatforms) = postSolution
		{998B26E5-DF3D-C2D8-5905-B8EBC6EA5AA8}.Debug|Any CPU.ActiveCfg = Debug|Any CPU
		{998B26E5-DF3D-C2D8-5905-B8EBC6EA5AA8}.Debug|Any CPU.Build.0 = Debug|Any CPU
		{998B26E5-DF3D-C2D8-5905-B8EBC6EA5AA8}.Release|Any CPU.ActiveCfg = Release|Any CPU
		{998B26E5-DF3D-C2D8-5905-B8EBC6EA5AA8}.Release|Any CPU.Build.0 = Release|Any CPU
		{7A4457A9-F343-0020-58A2-7BAF1B5EB3FB}.Debug|Any CPU.ActiveCfg = Debug|Any CPU
		{7A4457A9-F343-0020-58A2-7BAF1B5EB3FB}.Debug|Any CPU.Build.0 = Debug|Any CPU
		{7A4457A9-F343-0020-58A2-7BAF1B5EB3FB}.Release|Any CPU.ActiveCfg = Release|Any CPU
		{7A4457A9-F343-0020-58A2-7BAF1B5EB3FB}.Release|Any CPU.Build.0 = Release|Any CPU
	EndGlobalSection
	GlobalSection(SolutionProperties) = preSolution
		HideSolutionNode = FALSE
	EndGlobalSection
EndGlobal
